// !$*UTF8*$!
{
	archiveVersion = 1;
	classes = {
	};
	objectVersion = 51;
	objects = {

/* Begin PBXBuildFile section */
		318B099C2410E51200978FF0 /* BaseViewController.swift in Sources */ = {isa = PBXBuildFile; fileRef = 318B099B2410E51200978FF0 /* BaseViewController.swift */; };
		319ABC3A240F99AA004A0ED3 /* AppDelegate.swift in Sources */ = {isa = PBXBuildFile; fileRef = 319ABC39240F99AA004A0ED3 /* AppDelegate.swift */; };
		319ABC3C240F99AA004A0ED3 /* SceneDelegate.swift in Sources */ = {isa = PBXBuildFile; fileRef = 319ABC3B240F99AA004A0ED3 /* SceneDelegate.swift */; };
		319ABC3E240F99AA004A0ED3 /* MainViewController.swift in Sources */ = {isa = PBXBuildFile; fileRef = 319ABC3D240F99AA004A0ED3 /* MainViewController.swift */; };
		319ABC41240F99AA004A0ED3 /* Main.storyboard in Resources */ = {isa = PBXBuildFile; fileRef = 319ABC3F240F99AA004A0ED3 /* Main.storyboard */; };
		319ABC43240F99AD004A0ED3 /* Assets.xcassets in Resources */ = {isa = PBXBuildFile; fileRef = 319ABC42240F99AD004A0ED3 /* Assets.xcassets */; };
		319ABC46240F99AD004A0ED3 /* LaunchScreen.storyboard in Resources */ = {isa = PBXBuildFile; fileRef = 319ABC44240F99AD004A0ED3 /* LaunchScreen.storyboard */; };
		319ABC62240FD32D004A0ED3 /* OtherViewController.swift in Sources */ = {isa = PBXBuildFile; fileRef = 319ABC61240FD32D004A0ED3 /* OtherViewController.swift */; };
		319ABC64240FD33D004A0ED3 /* TravelLogViewController.swift in Sources */ = {isa = PBXBuildFile; fileRef = 319ABC63240FD33D004A0ED3 /* TravelLogViewController.swift */; };
		319ABC66240FD352004A0ED3 /* MovingLineViewController.swift in Sources */ = {isa = PBXBuildFile; fileRef = 319ABC65240FD352004A0ED3 /* MovingLineViewController.swift */; };
		319ABC69240FD380004A0ED3 /* BoardingPassViewController.swift in Sources */ = {isa = PBXBuildFile; fileRef = 319ABC68240FD380004A0ED3 /* BoardingPassViewController.swift */; };
		31D19526241106A8000F3B62 /* Color.swift in Sources */ = {isa = PBXBuildFile; fileRef = 31D19525241106A8000F3B62 /* Color.swift */; };
		F846020F2D32668CDA65CC9B /* Pods_OGADA.framework in Frameworks */ = {isa = PBXBuildFile; fileRef = 4DC15063ABB511453D61596A /* Pods_OGADA.framework */; };
/* End PBXBuildFile section */

/* Begin PBXFileReference section */
		318B099B2410E51200978FF0 /* BaseViewController.swift */ = {isa = PBXFileReference; lastKnownFileType = sourcecode.swift; path = BaseViewController.swift; sourceTree = "<group>"; };
		319ABC36240F99AA004A0ED3 /* OGADA.app */ = {isa = PBXFileReference; explicitFileType = wrapper.application; includeInIndex = 0; path = OGADA.app; sourceTree = BUILT_PRODUCTS_DIR; };
		319ABC39240F99AA004A0ED3 /* AppDelegate.swift */ = {isa = PBXFileReference; lastKnownFileType = sourcecode.swift; path = AppDelegate.swift; sourceTree = "<group>"; };
		319ABC3B240F99AA004A0ED3 /* SceneDelegate.swift */ = {isa = PBXFileReference; lastKnownFileType = sourcecode.swift; path = SceneDelegate.swift; sourceTree = "<group>"; };
		319ABC3D240F99AA004A0ED3 /* MainViewController.swift */ = {isa = PBXFileReference; lastKnownFileType = sourcecode.swift; path = MainViewController.swift; sourceTree = "<group>"; };
		319ABC40240F99AA004A0ED3 /* Base */ = {isa = PBXFileReference; lastKnownFileType = file.storyboard; name = Base; path = Base.lproj/Main.storyboard; sourceTree = "<group>"; };
		319ABC42240F99AD004A0ED3 /* Assets.xcassets */ = {isa = PBXFileReference; lastKnownFileType = folder.assetcatalog; path = Assets.xcassets; sourceTree = "<group>"; };
		319ABC45240F99AD004A0ED3 /* Base */ = {isa = PBXFileReference; lastKnownFileType = file.storyboard; name = Base; path = Base.lproj/LaunchScreen.storyboard; sourceTree = "<group>"; };
		319ABC47240F99AD004A0ED3 /* Info.plist */ = {isa = PBXFileReference; lastKnownFileType = text.plist.xml; path = Info.plist; sourceTree = "<group>"; };
		319ABC61240FD32D004A0ED3 /* OtherViewController.swift */ = {isa = PBXFileReference; lastKnownFileType = sourcecode.swift; path = OtherViewController.swift; sourceTree = "<group>"; };
		319ABC63240FD33D004A0ED3 /* TravelLogViewController.swift */ = {isa = PBXFileReference; lastKnownFileType = sourcecode.swift; path = TravelLogViewController.swift; sourceTree = "<group>"; };
		319ABC65240FD352004A0ED3 /* MovingLineViewController.swift */ = {isa = PBXFileReference; lastKnownFileType = sourcecode.swift; path = MovingLineViewController.swift; sourceTree = "<group>"; };
		319ABC68240FD380004A0ED3 /* BoardingPassViewController.swift */ = {isa = PBXFileReference; lastKnownFileType = sourcecode.swift; path = BoardingPassViewController.swift; sourceTree = "<group>"; };
		31D19525241106A8000F3B62 /* Color.swift */ = {isa = PBXFileReference; lastKnownFileType = sourcecode.swift; path = Color.swift; sourceTree = "<group>"; };
		4DC15063ABB511453D61596A /* Pods_OGADA.framework */ = {isa = PBXFileReference; explicitFileType = wrapper.framework; includeInIndex = 0; path = Pods_OGADA.framework; sourceTree = BUILT_PRODUCTS_DIR; };
		9E66789287E6F86312974DC0 /* Pods-OGADA.release.xcconfig */ = {isa = PBXFileReference; includeInIndex = 1; lastKnownFileType = text.xcconfig; name = "Pods-OGADA.release.xcconfig"; path = "Target Support Files/Pods-OGADA/Pods-OGADA.release.xcconfig"; sourceTree = "<group>"; };
		AAED3A564C64E36B82E1F8CB /* Pods-OGADA.debug.xcconfig */ = {isa = PBXFileReference; includeInIndex = 1; lastKnownFileType = text.xcconfig; name = "Pods-OGADA.debug.xcconfig"; path = "Target Support Files/Pods-OGADA/Pods-OGADA.debug.xcconfig"; sourceTree = "<group>"; };
/* End PBXFileReference section */

/* Begin PBXFrameworksBuildPhase section */
		319ABC33240F99AA004A0ED3 /* Frameworks */ = {
			isa = PBXFrameworksBuildPhase;
			buildActionMask = 2147483647;
			files = (
				F846020F2D32668CDA65CC9B /* Pods_OGADA.framework in Frameworks */,
			);
			runOnlyForDeploymentPostprocessing = 0;
		};
/* End PBXFrameworksBuildPhase section */

/* Begin PBXGroup section */
		318B099D2410E5E300978FF0 /* Global */ = {
			isa = PBXGroup;
			children = (
			);
			path = Global;
			sourceTree = "<group>";
		};
		318B099E2410E63F00978FF0 /* Global */ = {
			isa = PBXGroup;
			children = (
				318B099B2410E51200978FF0 /* BaseViewController.swift */,
			);
			path = Global;
			sourceTree = "<group>";
		};
		319ABC2D240F99AA004A0ED3 = {
			isa = PBXGroup;
			children = (
				319ABC38240F99AA004A0ED3 /* OGADA */,
				319ABC37240F99AA004A0ED3 /* Products */,
				8088A72708E33775661C63C8 /* Pods */,
				87D43250953CB08816F2CB54 /* Frameworks */,
			);
			sourceTree = "<group>";
		};
		319ABC37240F99AA004A0ED3 /* Products */ = {
			isa = PBXGroup;
			children = (
				319ABC36240F99AA004A0ED3 /* OGADA.app */,
			);
			name = Products;
			sourceTree = "<group>";
		};
		319ABC38240F99AA004A0ED3 /* OGADA */ = {
			isa = PBXGroup;
			children = (
				319ABC50240FCD76004A0ED3 /* Util */,
				319ABC4D240FCD4F004A0ED3 /* Model */,
				319ABC4E240FCD5A004A0ED3 /* View */,
				319ABC4F240FCD68004A0ED3 /* ViewController */,
				319ABC51240FCD9F004A0ED3 /* Resources */,
				319ABC39240F99AA004A0ED3 /* AppDelegate.swift */,
				319ABC3B240F99AA004A0ED3 /* SceneDelegate.swift */,
				319ABC3F240F99AA004A0ED3 /* Main.storyboard */,
				319ABC42240F99AD004A0ED3 /* Assets.xcassets */,
				319ABC44240F99AD004A0ED3 /* LaunchScreen.storyboard */,
				319ABC47240F99AD004A0ED3 /* Info.plist */,
			);
			path = OGADA;
			sourceTree = "<group>";
		};
		319ABC4D240FCD4F004A0ED3 /* Model */ = {
			isa = PBXGroup;
			children = (
				31D195242410F0F3000F3B62 /* Theme */,
				318B099D2410E5E300978FF0 /* Global */,
			);
			path = Model;
			sourceTree = "<group>";
		};
		319ABC4E240FCD5A004A0ED3 /* View */ = {
			isa = PBXGroup;
			children = (
				319ABC5F240FD2DE004A0ED3 /* Other */,
				319ABC5C240FD293004A0ED3 /* TravelLog */,
				319ABC59240FD13D004A0ED3 /* MovingLine */,
				319ABC56240FCF35004A0ED3 /* BoardingPass */,
				319ABC53240FCE77004A0ED3 /* Main */,
			);
			path = View;
			sourceTree = "<group>";
		};
		319ABC4F240FCD68004A0ED3 /* ViewController */ = {
			isa = PBXGroup;
			children = (
				318B099E2410E63F00978FF0 /* Global */,
				319ABC60240FD2E9004A0ED3 /* Other */,
				319ABC5D240FD299004A0ED3 /* TravelLog */,
				319ABC58240FD126004A0ED3 /* MovingLine */,
				319ABC55240FCEEF004A0ED3 /* BoardingPass */,
				319ABC52240FCE29004A0ED3 /* Main */,
			);
			path = ViewController;
			sourceTree = "<group>";
		};
		319ABC50240FCD76004A0ED3 /* Util */ = {
			isa = PBXGroup;
			children = (
			);
			path = Util;
			sourceTree = "<group>";
		};
		319ABC51240FCD9F004A0ED3 /* Resources */ = {
			isa = PBXGroup;
			children = (
			);
			path = Resources;
			sourceTree = "<group>";
		};
		319ABC52240FCE29004A0ED3 /* Main */ = {
			isa = PBXGroup;
			children = (
				319ABC3D240F99AA004A0ED3 /* MainViewController.swift */,
			);
			path = Main;
			sourceTree = "<group>";
		};
		319ABC53240FCE77004A0ED3 /* Main */ = {
			isa = PBXGroup;
			children = (
			);
			path = Main;
			sourceTree = "<group>";
		};
		319ABC55240FCEEF004A0ED3 /* BoardingPass */ = {
			isa = PBXGroup;
			children = (
				319ABC68240FD380004A0ED3 /* BoardingPassViewController.swift */,
			);
			path = BoardingPass;
			sourceTree = "<group>";
		};
		319ABC56240FCF35004A0ED3 /* BoardingPass */ = {
			isa = PBXGroup;
			children = (
			);
			path = BoardingPass;
			sourceTree = "<group>";
		};
		319ABC58240FD126004A0ED3 /* MovingLine */ = {
			isa = PBXGroup;
			children = (
				319ABC65240FD352004A0ED3 /* MovingLineViewController.swift */,
			);
			path = MovingLine;
			sourceTree = "<group>";
		};
		319ABC59240FD13D004A0ED3 /* MovingLine */ = {
			isa = PBXGroup;
			children = (
			);
			path = MovingLine;
			sourceTree = "<group>";
		};
		319ABC5C240FD293004A0ED3 /* TravelLog */ = {
			isa = PBXGroup;
			children = (
			);
			path = TravelLog;
			sourceTree = "<group>";
		};
		319ABC5D240FD299004A0ED3 /* TravelLog */ = {
			isa = PBXGroup;
			children = (
				319ABC63240FD33D004A0ED3 /* TravelLogViewController.swift */,
			);
			path = TravelLog;
			sourceTree = "<group>";
		};
		319ABC5F240FD2DE004A0ED3 /* Other */ = {
			isa = PBXGroup;
			children = (
			);
			path = Other;
			sourceTree = "<group>";
		};
		319ABC60240FD2E9004A0ED3 /* Other */ = {
			isa = PBXGroup;
			children = (
				319ABC61240FD32D004A0ED3 /* OtherViewController.swift */,
			);
			path = Other;
			sourceTree = "<group>";
		};
		31D195242410F0F3000F3B62 /* Theme */ = {
			isa = PBXGroup;
			children = (
				31D19525241106A8000F3B62 /* Color.swift */,
			);
			path = Theme;
			sourceTree = "<group>";
		};
		8088A72708E33775661C63C8 /* Pods */ = {
			isa = PBXGroup;
			children = (
				AAED3A564C64E36B82E1F8CB /* Pods-OGADA.debug.xcconfig */,
				9E66789287E6F86312974DC0 /* Pods-OGADA.release.xcconfig */,
			);
			path = Pods;
			sourceTree = "<group>";
		};
		87D43250953CB08816F2CB54 /* Frameworks */ = {
			isa = PBXGroup;
			children = (
				4DC15063ABB511453D61596A /* Pods_OGADA.framework */,
			);
			name = Frameworks;
			sourceTree = "<group>";
		};
/* End PBXGroup section */

/* Begin PBXNativeTarget section */
		319ABC35240F99AA004A0ED3 /* OGADA */ = {
			isa = PBXNativeTarget;
			buildConfigurationList = 319ABC4A240F99AD004A0ED3 /* Build configuration list for PBXNativeTarget "OGADA" */;
			buildPhases = (
				7DE534CB7EC1B8939E2AAEE7 /* [CP] Check Pods Manifest.lock */,
				319ABC32240F99AA004A0ED3 /* Sources */,
				319ABC33240F99AA004A0ED3 /* Frameworks */,
				319ABC34240F99AA004A0ED3 /* Resources */,
				9B9F1436F254C76804E47720 /* [CP] Copy Pods Resources */,
			);
			buildRules = (
			);
			dependencies = (
			);
			name = OGADA;
			productName = OGADA;
			productReference = 319ABC36240F99AA004A0ED3 /* OGADA.app */;
			productType = "com.apple.product-type.application";
		};
/* End PBXNativeTarget section */

/* Begin PBXProject section */
		319ABC2E240F99AA004A0ED3 /* Project object */ = {
			isa = PBXProject;
			attributes = {
				LastSwiftUpdateCheck = 1130;
				LastUpgradeCheck = 1130;
				ORGANIZATIONNAME = didwndckd;
				TargetAttributes = {
					319ABC35240F99AA004A0ED3 = {
						CreatedOnToolsVersion = 11.3.1;
					};
				};
			};
			buildConfigurationList = 319ABC31240F99AA004A0ED3 /* Build configuration list for PBXProject "OGADA" */;
			compatibilityVersion = "Xcode 9.3";
			developmentRegion = en;
			hasScannedForEncodings = 0;
			knownRegions = (
				en,
				Base,
			);
			mainGroup = 319ABC2D240F99AA004A0ED3;
			productRefGroup = 319ABC37240F99AA004A0ED3 /* Products */;
			projectDirPath = "";
			projectRoot = "";
			targets = (
				319ABC35240F99AA004A0ED3 /* OGADA */,
			);
		};
/* End PBXProject section */

/* Begin PBXResourcesBuildPhase section */
		319ABC34240F99AA004A0ED3 /* Resources */ = {
			isa = PBXResourcesBuildPhase;
			buildActionMask = 2147483647;
			files = (
				319ABC46240F99AD004A0ED3 /* LaunchScreen.storyboard in Resources */,
				319ABC43240F99AD004A0ED3 /* Assets.xcassets in Resources */,
				319ABC41240F99AA004A0ED3 /* Main.storyboard in Resources */,
			);
			runOnlyForDeploymentPostprocessing = 0;
		};
/* End PBXResourcesBuildPhase section */

/* Begin PBXShellScriptBuildPhase section */
		7DE534CB7EC1B8939E2AAEE7 /* [CP] Check Pods Manifest.lock */ = {
			isa = PBXShellScriptBuildPhase;
			buildActionMask = 2147483647;
			files = (
			);
			inputFileListPaths = (
			);
			inputPaths = (
				"${PODS_PODFILE_DIR_PATH}/Podfile.lock",
				"${PODS_ROOT}/Manifest.lock",
			);
			name = "[CP] Check Pods Manifest.lock";
			outputFileListPaths = (
			);
			outputPaths = (
				"$(DERIVED_FILE_DIR)/Pods-OGADA-checkManifestLockResult.txt",
			);
			runOnlyForDeploymentPostprocessing = 0;
			shellPath = /bin/sh;
			shellScript = "diff \"${PODS_PODFILE_DIR_PATH}/Podfile.lock\" \"${PODS_ROOT}/Manifest.lock\" > /dev/null\nif [ $? != 0 ] ; then\n    # print error to STDERR\n    echo \"error: The sandbox is not in sync with the Podfile.lock. Run 'pod install' or update your CocoaPods installation.\" >&2\n    exit 1\nfi\n# This output is used by Xcode 'outputs' to avoid re-running this script phase.\necho \"SUCCESS\" > \"${SCRIPT_OUTPUT_FILE_0}\"\n";
			showEnvVarsInLog = 0;
		};
		9B9F1436F254C76804E47720 /* [CP] Copy Pods Resources */ = {
			isa = PBXShellScriptBuildPhase;
			buildActionMask = 2147483647;
			files = (
			);
			inputFileListPaths = (
				"${PODS_ROOT}/Target Support Files/Pods-OGADA/Pods-OGADA-resources-${CONFIGURATION}-input-files.xcfilelist",
			);
			name = "[CP] Copy Pods Resources";
			outputFileListPaths = (
				"${PODS_ROOT}/Target Support Files/Pods-OGADA/Pods-OGADA-resources-${CONFIGURATION}-output-files.xcfilelist",
			);
			runOnlyForDeploymentPostprocessing = 0;
			shellPath = /bin/sh;
			shellScript = "\"${PODS_ROOT}/Target Support Files/Pods-OGADA/Pods-OGADA-resources.sh\"\n";
			showEnvVarsInLog = 0;
		};
/* End PBXShellScriptBuildPhase section */

/* Begin PBXSourcesBuildPhase section */
		319ABC32240F99AA004A0ED3 /* Sources */ = {
			isa = PBXSourcesBuildPhase;
			buildActionMask = 2147483647;
			files = (
				319ABC3E240F99AA004A0ED3 /* MainViewController.swift in Sources */,
				319ABC62240FD32D004A0ED3 /* OtherViewController.swift in Sources */,
				319ABC66240FD352004A0ED3 /* MovingLineViewController.swift in Sources */,
				319ABC69240FD380004A0ED3 /* BoardingPassViewController.swift in Sources */,
				319ABC3A240F99AA004A0ED3 /* AppDelegate.swift in Sources */,
				318B099C2410E51200978FF0 /* BaseViewController.swift in Sources */,
				319ABC3C240F99AA004A0ED3 /* SceneDelegate.swift in Sources */,
				319ABC64240FD33D004A0ED3 /* TravelLogViewController.swift in Sources */,
				31D19526241106A8000F3B62 /* Color.swift in Sources */,
			);
			runOnlyForDeploymentPostprocessing = 0;
		};
/* End PBXSourcesBuildPhase section */

/* Begin PBXVariantGroup section */
		319ABC3F240F99AA004A0ED3 /* Main.storyboard */ = {
			isa = PBXVariantGroup;
			children = (
				319ABC40240F99AA004A0ED3 /* Base */,
			);
			name = Main.storyboard;
			sourceTree = "<group>";
		};
		319ABC44240F99AD004A0ED3 /* LaunchScreen.storyboard */ = {
			isa = PBXVariantGroup;
			children = (
				319ABC45240F99AD004A0ED3 /* Base */,
			);
			name = LaunchScreen.storyboard;
			sourceTree = "<group>";
		};
/* End PBXVariantGroup section */

/* Begin XCBuildConfiguration section */
		319ABC48240F99AD004A0ED3 /* Debug */ = {
			isa = XCBuildConfiguration;
			buildSettings = {
				ALWAYS_SEARCH_USER_PATHS = NO;
				CLANG_ANALYZER_NONNULL = YES;
				CLANG_ANALYZER_NUMBER_OBJECT_CONVERSION = YES_AGGRESSIVE;
				CLANG_CXX_LANGUAGE_STANDARD = "gnu++14";
				CLANG_CXX_LIBRARY = "libc++";
				CLANG_ENABLE_MODULES = YES;
				CLANG_ENABLE_OBJC_ARC = YES;
				CLANG_ENABLE_OBJC_WEAK = YES;
				CLANG_WARN_BLOCK_CAPTURE_AUTORELEASING = YES;
				CLANG_WARN_BOOL_CONVERSION = YES;
				CLANG_WARN_COMMA = YES;
				CLANG_WARN_CONSTANT_CONVERSION = YES;
				CLANG_WARN_DEPRECATED_OBJC_IMPLEMENTATIONS = YES;
				CLANG_WARN_DIRECT_OBJC_ISA_USAGE = YES_ERROR;
				CLANG_WARN_DOCUMENTATION_COMMENTS = YES;
				CLANG_WARN_EMPTY_BODY = YES;
				CLANG_WARN_ENUM_CONVERSION = YES;
				CLANG_WARN_INFINITE_RECURSION = YES;
				CLANG_WARN_INT_CONVERSION = YES;
				CLANG_WARN_NON_LITERAL_NULL_CONVERSION = YES;
				CLANG_WARN_OBJC_IMPLICIT_RETAIN_SELF = YES;
				CLANG_WARN_OBJC_LITERAL_CONVERSION = YES;
				CLANG_WARN_OBJC_ROOT_CLASS = YES_ERROR;
				CLANG_WARN_RANGE_LOOP_ANALYSIS = YES;
				CLANG_WARN_STRICT_PROTOTYPES = YES;
				CLANG_WARN_SUSPICIOUS_MOVE = YES;
				CLANG_WARN_UNGUARDED_AVAILABILITY = YES_AGGRESSIVE;
				CLANG_WARN_UNREACHABLE_CODE = YES;
				CLANG_WARN__DUPLICATE_METHOD_MATCH = YES;
				COPY_PHASE_STRIP = NO;
				DEBUG_INFORMATION_FORMAT = dwarf;
				ENABLE_STRICT_OBJC_MSGSEND = YES;
				ENABLE_TESTABILITY = YES;
				GCC_C_LANGUAGE_STANDARD = gnu11;
				GCC_DYNAMIC_NO_PIC = NO;
				GCC_NO_COMMON_BLOCKS = YES;
				GCC_OPTIMIZATION_LEVEL = 0;
				GCC_PREPROCESSOR_DEFINITIONS = (
					"DEBUG=1",
					"$(inherited)",
				);
				GCC_WARN_64_TO_32_BIT_CONVERSION = YES;
				GCC_WARN_ABOUT_RETURN_TYPE = YES_ERROR;
				GCC_WARN_UNDECLARED_SELECTOR = YES;
				GCC_WARN_UNINITIALIZED_AUTOS = YES_AGGRESSIVE;
				GCC_WARN_UNUSED_FUNCTION = YES;
				GCC_WARN_UNUSED_VARIABLE = YES;
				IPHONEOS_DEPLOYMENT_TARGET = 13.2;
				MTL_ENABLE_DEBUG_INFO = INCLUDE_SOURCE;
				MTL_FAST_MATH = YES;
				ONLY_ACTIVE_ARCH = YES;
				SDKROOT = iphoneos;
				SWIFT_ACTIVE_COMPILATION_CONDITIONS = DEBUG;
				SWIFT_OPTIMIZATION_LEVEL = "-Onone";
			};
			name = Debug;
		};
		319ABC49240F99AD004A0ED3 /* Release */ = {
			isa = XCBuildConfiguration;
			buildSettings = {
				ALWAYS_SEARCH_USER_PATHS = NO;
				CLANG_ANALYZER_NONNULL = YES;
				CLANG_ANALYZER_NUMBER_OBJECT_CONVERSION = YES_AGGRESSIVE;
				CLANG_CXX_LANGUAGE_STANDARD = "gnu++14";
				CLANG_CXX_LIBRARY = "libc++";
				CLANG_ENABLE_MODULES = YES;
				CLANG_ENABLE_OBJC_ARC = YES;
				CLANG_ENABLE_OBJC_WEAK = YES;
				CLANG_WARN_BLOCK_CAPTURE_AUTORELEASING = YES;
				CLANG_WARN_BOOL_CONVERSION = YES;
				CLANG_WARN_COMMA = YES;
				CLANG_WARN_CONSTANT_CONVERSION = YES;
				CLANG_WARN_DEPRECATED_OBJC_IMPLEMENTATIONS = YES;
				CLANG_WARN_DIRECT_OBJC_ISA_USAGE = YES_ERROR;
				CLANG_WARN_DOCUMENTATION_COMMENTS = YES;
				CLANG_WARN_EMPTY_BODY = YES;
				CLANG_WARN_ENUM_CONVERSION = YES;
				CLANG_WARN_INFINITE_RECURSION = YES;
				CLANG_WARN_INT_CONVERSION = YES;
				CLANG_WARN_NON_LITERAL_NULL_CONVERSION = YES;
				CLANG_WARN_OBJC_IMPLICIT_RETAIN_SELF = YES;
				CLANG_WARN_OBJC_LITERAL_CONVERSION = YES;
				CLANG_WARN_OBJC_ROOT_CLASS = YES_ERROR;
				CLANG_WARN_RANGE_LOOP_ANALYSIS = YES;
				CLANG_WARN_STRICT_PROTOTYPES = YES;
				CLANG_WARN_SUSPICIOUS_MOVE = YES;
				CLANG_WARN_UNGUARDED_AVAILABILITY = YES_AGGRESSIVE;
				CLANG_WARN_UNREACHABLE_CODE = YES;
				CLANG_WARN__DUPLICATE_METHOD_MATCH = YES;
				COPY_PHASE_STRIP = NO;
				DEBUG_INFORMATION_FORMAT = "dwarf-with-dsym";
				ENABLE_NS_ASSERTIONS = NO;
				ENABLE_STRICT_OBJC_MSGSEND = YES;
				GCC_C_LANGUAGE_STANDARD = gnu11;
				GCC_NO_COMMON_BLOCKS = YES;
				GCC_WARN_64_TO_32_BIT_CONVERSION = YES;
				GCC_WARN_ABOUT_RETURN_TYPE = YES_ERROR;
				GCC_WARN_UNDECLARED_SELECTOR = YES;
				GCC_WARN_UNINITIALIZED_AUTOS = YES_AGGRESSIVE;
				GCC_WARN_UNUSED_FUNCTION = YES;
				GCC_WARN_UNUSED_VARIABLE = YES;
				IPHONEOS_DEPLOYMENT_TARGET = 13.2;
				MTL_ENABLE_DEBUG_INFO = NO;
				MTL_FAST_MATH = YES;
				SDKROOT = iphoneos;
				SWIFT_COMPILATION_MODE = wholemodule;
				SWIFT_OPTIMIZATION_LEVEL = "-O";
				VALIDATE_PRODUCT = YES;
			};
			name = Release;
		};
		319ABC4B240F99AD004A0ED3 /* Debug */ = {
			isa = XCBuildConfiguration;
			baseConfigurationReference = AAED3A564C64E36B82E1F8CB /* Pods-OGADA.debug.xcconfig */;
			buildSettings = {
				ASSETCATALOG_COMPILER_APPICON_NAME = AppIcon;
				CODE_SIGN_STYLE = Automatic;
				DEVELOPMENT_TEAM = G4MM77V7NH;
				INFOPLIST_FILE = OGADA/Info.plist;
				LD_RUNPATH_SEARCH_PATHS = (
					"$(inherited)",
					"@executable_path/Frameworks",
				);
				PRODUCT_BUNDLE_IDENTIFIER = com.YJY.guja.OGADA;
				PRODUCT_NAME = "$(TARGET_NAME)";
				SWIFT_VERSION = 5.0;
				TARGETED_DEVICE_FAMILY = "1,2";
			};
			name = Debug;
		};
		319ABC4C240F99AD004A0ED3 /* Release */ = {
			isa = XCBuildConfiguration;
			baseConfigurationReference = 9E66789287E6F86312974DC0 /* Pods-OGADA.release.xcconfig */;
			buildSettings = {
				ASSETCATALOG_COMPILER_APPICON_NAME = AppIcon;
				CODE_SIGN_STYLE = Automatic;
				DEVELOPMENT_TEAM = G4MM77V7NH;
				INFOPLIST_FILE = OGADA/Info.plist;
				LD_RUNPATH_SEARCH_PATHS = (
					"$(inherited)",
					"@executable_path/Frameworks",
				);
				PRODUCT_BUNDLE_IDENTIFIER = com.YJY.guja.OGADA;
				PRODUCT_NAME = "$(TARGET_NAME)";
				SWIFT_VERSION = 5.0;
				TARGETED_DEVICE_FAMILY = "1,2";
			};
			name = Release;
		};
/* End XCBuildConfiguration section */

/* Begin XCConfigurationList section */
		319ABC31240F99AA004A0ED3 /* Build configuration list for PBXProject "OGADA" */ = {
			isa = XCConfigurationList;
			buildConfigurations = (
				319ABC48240F99AD004A0ED3 /* Debug */,
				319ABC49240F99AD004A0ED3 /* Release */,
			);
			defaultConfigurationIsVisible = 0;
			defaultConfigurationName = Release;
		};
		319ABC4A240F99AD004A0ED3 /* Build configuration list for PBXNativeTarget "OGADA" */ = {
			isa = XCConfigurationList;
			buildConfigurations = (
				319ABC4B240F99AD004A0ED3 /* Debug */,
				319ABC4C240F99AD004A0ED3 /* Release */,
			);
			defaultConfigurationIsVisible = 0;
			defaultConfigurationName = Release;
		};
/* End XCConfigurationList section */
	};
	rootObject = 319ABC2E240F99AA004A0ED3 /* Project object */;
}
